// !$*UTF8*$!
{
	archiveVersion = 1;
	classes = {
	};
	objectVersion = 46;
	objects = {

/* Begin PBXBuildFile section */
		DBA6B0D71CFA722300B47BFE /* main.m in Sources */ = {isa = PBXBuildFile; fileRef = DBA6B0D61CFA722300B47BFE /* main.m */; };
		DBA6B0DA1CFA722300B47BFE /* AppDelegate.m in Sources */ = {isa = PBXBuildFile; fileRef = DBA6B0D91CFA722300B47BFE /* AppDelegate.m */; };
		DBA6B0E01CFA722300B47BFE /* Main.storyboard in Resources */ = {isa = PBXBuildFile; fileRef = DBA6B0DE1CFA722300B47BFE /* Main.storyboard */; };
		DBA6B0E21CFA722300B47BFE /* Assets.xcassets in Resources */ = {isa = PBXBuildFile; fileRef = DBA6B0E11CFA722300B47BFE /* Assets.xcassets */; };
		DBA6B0E51CFA722300B47BFE /* LaunchScreen.storyboard in Resources */ = {isa = PBXBuildFile; fileRef = DBA6B0E31CFA722300B47BFE /* LaunchScreen.storyboard */; };
		DBA6B0F01CFA722400B47BFE /* _____Tests.m in Sources */ = {isa = PBXBuildFile; fileRef = DBA6B0EF1CFA722400B47BFE /* _____Tests.m */; };
		DBA6B0FB1CFA722400B47BFE /* _____UITests.m in Sources */ = {isa = PBXBuildFile; fileRef = DBA6B0FA1CFA722400B47BFE /* _____UITests.m */; };
		DBA6B10F1CFA7B1600B47BFE /* JLTabBarController.m in Sources */ = {isa = PBXBuildFile; fileRef = DBA6B10E1CFA7B1600B47BFE /* JLTabBarController.m */; };
		DBA6B1121CFA84B500B47BFE /* JLEssenceViewController.m in Sources */ = {isa = PBXBuildFile; fileRef = DBA6B1111CFA84B500B47BFE /* JLEssenceViewController.m */; };
		DBA6B1151CFA84BE00B47BFE /* JLNewViewController.m in Sources */ = {isa = PBXBuildFile; fileRef = DBA6B1141CFA84BE00B47BFE /* JLNewViewController.m */; };
		DBA6B1181CFA84D900B47BFE /* JLTrendViewController.m in Sources */ = {isa = PBXBuildFile; fileRef = DBA6B1171CFA84D900B47BFE /* JLTrendViewController.m */; };
		DBA6B11B1CFA84E200B47BFE /* JLMeViewController.m in Sources */ = {isa = PBXBuildFile; fileRef = DBA6B11A1CFA84E200B47BFE /* JLMeViewController.m */; };
		DBA6B11E1CFA863800B47BFE /* JLTabBar.m in Sources */ = {isa = PBXBuildFile; fileRef = DBA6B11D1CFA863800B47BFE /* JLTabBar.m */; };
/* End PBXBuildFile section */

/* Begin PBXContainerItemProxy section */
		DBA6B0EC1CFA722400B47BFE /* PBXContainerItemProxy */ = {
			isa = PBXContainerItemProxy;
			containerPortal = DBA6B0CA1CFA722300B47BFE /* Project object */;
			proxyType = 1;
			remoteGlobalIDString = DBA6B0D11CFA722300B47BFE;
			remoteInfo = "百思不得姐";
		};
		DBA6B0F71CFA722400B47BFE /* PBXContainerItemProxy */ = {
			isa = PBXContainerItemProxy;
			containerPortal = DBA6B0CA1CFA722300B47BFE /* Project object */;
			proxyType = 1;
			remoteGlobalIDString = DBA6B0D11CFA722300B47BFE;
			remoteInfo = "百思不得姐";
		};
/* End PBXContainerItemProxy section */

/* Begin PBXFileReference section */
		DB2F12201D090100005C7257 /* PrefixHeader.pch */ = {isa = PBXFileReference; lastKnownFileType = sourcecode.c.h; path = PrefixHeader.pch; sourceTree = "<group>"; };
		DBA6B0D21CFA722300B47BFE /* 百思不得姐.app */ = {isa = PBXFileReference; explicitFileType = wrapper.application; includeInIndex = 0; path = "百思不得姐.app"; sourceTree = BUILT_PRODUCTS_DIR; };
		DBA6B0D61CFA722300B47BFE /* main.m */ = {isa = PBXFileReference; lastKnownFileType = sourcecode.c.objc; path = main.m; sourceTree = "<group>"; };
		DBA6B0D81CFA722300B47BFE /* AppDelegate.h */ = {isa = PBXFileReference; lastKnownFileType = sourcecode.c.h; name = AppDelegate.h; path = ../AppDelegate.h; sourceTree = "<group>"; };
		DBA6B0D91CFA722300B47BFE /* AppDelegate.m */ = {isa = PBXFileReference; lastKnownFileType = sourcecode.c.objc; name = AppDelegate.m; path = ../AppDelegate.m; sourceTree = "<group>"; };
		DBA6B0DF1CFA722300B47BFE /* Base */ = {isa = PBXFileReference; lastKnownFileType = file.storyboard; name = Base; path = Base.lproj/Main.storyboard; sourceTree = "<group>"; };
		DBA6B0E11CFA722300B47BFE /* Assets.xcassets */ = {isa = PBXFileReference; lastKnownFileType = folder.assetcatalog; path = Assets.xcassets; sourceTree = "<group>"; };
		DBA6B0E41CFA722300B47BFE /* Base */ = {isa = PBXFileReference; lastKnownFileType = file.storyboard; name = Base; path = Base.lproj/LaunchScreen.storyboard; sourceTree = "<group>"; };
		DBA6B0E61CFA722300B47BFE /* Info.plist */ = {isa = PBXFileReference; lastKnownFileType = text.plist.xml; path = Info.plist; sourceTree = "<group>"; };
		DBA6B0EB1CFA722400B47BFE /* 百思不得姐Tests.xctest */ = {isa = PBXFileReference; explicitFileType = wrapper.cfbundle; includeInIndex = 0; path = "百思不得姐Tests.xctest"; sourceTree = BUILT_PRODUCTS_DIR; };
		DBA6B0EF1CFA722400B47BFE /* _____Tests.m */ = {isa = PBXFileReference; lastKnownFileType = sourcecode.c.objc; path = "_____Tests.m"; sourceTree = "<group>"; };
		DBA6B0F11CFA722400B47BFE /* Info.plist */ = {isa = PBXFileReference; lastKnownFileType = text.plist.xml; path = Info.plist; sourceTree = "<group>"; };
		DBA6B0F61CFA722400B47BFE /* 百思不得姐UITests.xctest */ = {isa = PBXFileReference; explicitFileType = wrapper.cfbundle; includeInIndex = 0; path = "百思不得姐UITests.xctest"; sourceTree = BUILT_PRODUCTS_DIR; };
		DBA6B0FA1CFA722400B47BFE /* _____UITests.m */ = {isa = PBXFileReference; lastKnownFileType = sourcecode.c.objc; path = "_____UITests.m"; sourceTree = "<group>"; };
		DBA6B0FC1CFA722400B47BFE /* Info.plist */ = {isa = PBXFileReference; lastKnownFileType = text.plist.xml; path = Info.plist; sourceTree = "<group>"; };
		DBA6B10D1CFA7B1600B47BFE /* JLTabBarController.h */ = {isa = PBXFileReference; fileEncoding = 4; lastKnownFileType = sourcecode.c.h; path = JLTabBarController.h; sourceTree = "<group>"; };
		DBA6B10E1CFA7B1600B47BFE /* JLTabBarController.m */ = {isa = PBXFileReference; fileEncoding = 4; lastKnownFileType = sourcecode.c.objc; path = JLTabBarController.m; sourceTree = "<group>"; };
		DBA6B1101CFA84B500B47BFE /* JLEssenceViewController.h */ = {isa = PBXFileReference; fileEncoding = 4; lastKnownFileType = sourcecode.c.h; path = JLEssenceViewController.h; sourceTree = "<group>"; };
		DBA6B1111CFA84B500B47BFE /* JLEssenceViewController.m */ = {isa = PBXFileReference; fileEncoding = 4; lastKnownFileType = sourcecode.c.objc; path = JLEssenceViewController.m; sourceTree = "<group>"; };
		DBA6B1131CFA84BE00B47BFE /* JLNewViewController.h */ = {isa = PBXFileReference; fileEncoding = 4; lastKnownFileType = sourcecode.c.h; path = JLNewViewController.h; sourceTree = "<group>"; };
		DBA6B1141CFA84BE00B47BFE /* JLNewViewController.m */ = {isa = PBXFileReference; fileEncoding = 4; lastKnownFileType = sourcecode.c.objc; path = JLNewViewController.m; sourceTree = "<group>"; };
		DBA6B1161CFA84D900B47BFE /* JLTrendViewController.h */ = {isa = PBXFileReference; fileEncoding = 4; lastKnownFileType = sourcecode.c.h; path = JLTrendViewController.h; sourceTree = "<group>"; };
		DBA6B1171CFA84D900B47BFE /* JLTrendViewController.m */ = {isa = PBXFileReference; fileEncoding = 4; lastKnownFileType = sourcecode.c.objc; path = JLTrendViewController.m; sourceTree = "<group>"; };
		DBA6B1191CFA84E200B47BFE /* JLMeViewController.h */ = {isa = PBXFileReference; fileEncoding = 4; lastKnownFileType = sourcecode.c.h; path = JLMeViewController.h; sourceTree = "<group>"; };
		DBA6B11A1CFA84E200B47BFE /* JLMeViewController.m */ = {isa = PBXFileReference; fileEncoding = 4; lastKnownFileType = sourcecode.c.objc; path = JLMeViewController.m; sourceTree = "<group>"; };
		DBA6B11C1CFA863800B47BFE /* JLTabBar.h */ = {isa = PBXFileReference; fileEncoding = 4; lastKnownFileType = sourcecode.c.h; path = JLTabBar.h; sourceTree = "<group>"; };
		DBA6B11D1CFA863800B47BFE /* JLTabBar.m */ = {isa = PBXFileReference; fileEncoding = 4; lastKnownFileType = sourcecode.c.objc; path = JLTabBar.m; sourceTree = "<group>"; };
/* End PBXFileReference section */

/* Begin PBXFrameworksBuildPhase section */
		DBA6B0CF1CFA722300B47BFE /* Frameworks */ = {
			isa = PBXFrameworksBuildPhase;
			buildActionMask = 2147483647;
			files = (
			);
			runOnlyForDeploymentPostprocessing = 0;
		};
		DBA6B0E81CFA722400B47BFE /* Frameworks */ = {
			isa = PBXFrameworksBuildPhase;
			buildActionMask = 2147483647;
			files = (
			);
			runOnlyForDeploymentPostprocessing = 0;
		};
		DBA6B0F31CFA722400B47BFE /* Frameworks */ = {
			isa = PBXFrameworksBuildPhase;
			buildActionMask = 2147483647;
			files = (
			);
			runOnlyForDeploymentPostprocessing = 0;
		};
/* End PBXFrameworksBuildPhase section */

/* Begin PBXGroup section */
		DBA6B0C91CFA722300B47BFE = {
			isa = PBXGroup;
			children = (
				DBA6B0D41CFA722300B47BFE /* 百思不得姐 */,
				DBA6B0EE1CFA722400B47BFE /* 百思不得姐Tests */,
				DBA6B0F91CFA722400B47BFE /* 百思不得姐UITests */,
				DBA6B0D31CFA722300B47BFE /* Products */,
			);
			sourceTree = "<group>";
		};
		DBA6B0D31CFA722300B47BFE /* Products */ = {
			isa = PBXGroup;
			children = (
				DBA6B0D21CFA722300B47BFE /* 百思不得姐.app */,
				DBA6B0EB1CFA722400B47BFE /* 百思不得姐Tests.xctest */,
				DBA6B0F61CFA722400B47BFE /* 百思不得姐UITests.xctest */,
			);
			name = Products;
			sourceTree = "<group>";
		};
		DBA6B0D41CFA722300B47BFE /* 百思不得姐 */ = {
			isa = PBXGroup;
			children = (
				DBA6B1081CFA726800B47BFE /* Class */,
				DBA6B1091CFA726800B47BFE /* Others */,
				DBA6B0D51CFA722300B47BFE /* Supporting Files */,
			);
			path = "百思不得姐";
			sourceTree = "<group>";
		};
		DBA6B0D51CFA722300B47BFE /* Supporting Files */ = {
			isa = PBXGroup;
			children = (
				DBA6B0DE1CFA722300B47BFE /* Main.storyboard */,
				DBA6B0E11CFA722300B47BFE /* Assets.xcassets */,
				DBA6B0E31CFA722300B47BFE /* LaunchScreen.storyboard */,
				DBA6B0E61CFA722300B47BFE /* Info.plist */,
				DBA6B0D61CFA722300B47BFE /* main.m */,
			);
			name = "Supporting Files";
			sourceTree = "<group>";
		};
		DBA6B0EE1CFA722400B47BFE /* 百思不得姐Tests */ = {
			isa = PBXGroup;
			children = (
				DBA6B0EF1CFA722400B47BFE /* _____Tests.m */,
				DBA6B0F11CFA722400B47BFE /* Info.plist */,
			);
			path = "百思不得姐Tests";
			sourceTree = "<group>";
		};
		DBA6B0F91CFA722400B47BFE /* 百思不得姐UITests */ = {
			isa = PBXGroup;
			children = (
				DBA6B0FA1CFA722400B47BFE /* _____UITests.m */,
				DBA6B0FC1CFA722400B47BFE /* Info.plist */,
			);
			path = "百思不得姐UITests";
			sourceTree = "<group>";
		};
		DBA6B1081CFA726800B47BFE /* Class */ = {
			isa = PBXGroup;
			children = (
				DBA6B10D1CFA7B1600B47BFE /* JLTabBarController.h */,
				DBA6B10E1CFA7B1600B47BFE /* JLTabBarController.m */,
				DBA6B1101CFA84B500B47BFE /* JLEssenceViewController.h */,
				DBA6B1111CFA84B500B47BFE /* JLEssenceViewController.m */,
				DBA6B1131CFA84BE00B47BFE /* JLNewViewController.h */,
				DBA6B1141CFA84BE00B47BFE /* JLNewViewController.m */,
				DBA6B1161CFA84D900B47BFE /* JLTrendViewController.h */,
				DBA6B1171CFA84D900B47BFE /* JLTrendViewController.m */,
				DBA6B1191CFA84E200B47BFE /* JLMeViewController.h */,
				DBA6B11A1CFA84E200B47BFE /* JLMeViewController.m */,
				DBA6B11C1CFA863800B47BFE /* JLTabBar.h */,
				DBA6B11D1CFA863800B47BFE /* JLTabBar.m */,
			);
			path = Class;
			sourceTree = "<group>";
		};
		DBA6B1091CFA726800B47BFE /* Others */ = {
			isa = PBXGroup;
			children = (
				DBA6B0D81CFA722300B47BFE /* AppDelegate.h */,
				DBA6B0D91CFA722300B47BFE /* AppDelegate.m */,
				DB2F12201D090100005C7257 /* PrefixHeader.pch */,
			);
			path = Others;
			sourceTree = "<group>";
		};
/* End PBXGroup section */

/* Begin PBXNativeTarget section */
		DBA6B0D11CFA722300B47BFE /* 百思不得姐 */ = {
			isa = PBXNativeTarget;
			buildConfigurationList = DBA6B0FF1CFA722400B47BFE /* Build configuration list for PBXNativeTarget "百思不得姐" */;
			buildPhases = (
				DBA6B0CE1CFA722300B47BFE /* Sources */,
				DBA6B0CF1CFA722300B47BFE /* Frameworks */,
				DBA6B0D01CFA722300B47BFE /* Resources */,
			);
			buildRules = (
			);
			dependencies = (
			);
			name = "百思不得姐";
			productName = "百思不得姐";
			productReference = DBA6B0D21CFA722300B47BFE /* 百思不得姐.app */;
			productType = "com.apple.product-type.application";
		};
		DBA6B0EA1CFA722400B47BFE /* 百思不得姐Tests */ = {
			isa = PBXNativeTarget;
			buildConfigurationList = DBA6B1021CFA722400B47BFE /* Build configuration list for PBXNativeTarget "百思不得姐Tests" */;
			buildPhases = (
				DBA6B0E71CFA722400B47BFE /* Sources */,
				DBA6B0E81CFA722400B47BFE /* Frameworks */,
				DBA6B0E91CFA722400B47BFE /* Resources */,
			);
			buildRules = (
			);
			dependencies = (
				DBA6B0ED1CFA722400B47BFE /* PBXTargetDependency */,
			);
			name = "百思不得姐Tests";
			productName = "百思不得姐Tests";
			productReference = DBA6B0EB1CFA722400B47BFE /* 百思不得姐Tests.xctest */;
			productType = "com.apple.product-type.bundle.unit-test";
		};
		DBA6B0F51CFA722400B47BFE /* 百思不得姐UITests */ = {
			isa = PBXNativeTarget;
			buildConfigurationList = DBA6B1051CFA722400B47BFE /* Build configuration list for PBXNativeTarget "百思不得姐UITests" */;
			buildPhases = (
				DBA6B0F21CFA722400B47BFE /* Sources */,
				DBA6B0F31CFA722400B47BFE /* Frameworks */,
				DBA6B0F41CFA722400B47BFE /* Resources */,
			);
			buildRules = (
			);
			dependencies = (
				DBA6B0F81CFA722400B47BFE /* PBXTargetDependency */,
			);
			name = "百思不得姐UITests";
			productName = "百思不得姐UITests";
			productReference = DBA6B0F61CFA722400B47BFE /* 百思不得姐UITests.xctest */;
			productType = "com.apple.product-type.bundle.ui-testing";
		};
/* End PBXNativeTarget section */

/* Begin PBXProject section */
		DBA6B0CA1CFA722300B47BFE /* Project object */ = {
			isa = PBXProject;
			attributes = {
				CLASSPREFIX = JL;
				LastUpgradeCheck = 0730;
				ORGANIZATIONNAME = kongfz;
				TargetAttributes = {
					DBA6B0D11CFA722300B47BFE = {
						CreatedOnToolsVersion = 7.3;
					};
					DBA6B0EA1CFA722400B47BFE = {
						CreatedOnToolsVersion = 7.3;
						TestTargetID = DBA6B0D11CFA722300B47BFE;
					};
					DBA6B0F51CFA722400B47BFE = {
						CreatedOnToolsVersion = 7.3;
						TestTargetID = DBA6B0D11CFA722300B47BFE;
					};
				};
			};
			buildConfigurationList = DBA6B0CD1CFA722300B47BFE /* Build configuration list for PBXProject "百思不得姐" */;
			compatibilityVersion = "Xcode 3.2";
			developmentRegion = English;
			hasScannedForEncodings = 0;
			knownRegions = (
				en,
				Base,
			);
			mainGroup = DBA6B0C91CFA722300B47BFE;
			productRefGroup = DBA6B0D31CFA722300B47BFE /* Products */;
			projectDirPath = "";
			projectRoot = "";
			targets = (
				DBA6B0D11CFA722300B47BFE /* 百思不得姐 */,
				DBA6B0EA1CFA722400B47BFE /* 百思不得姐Tests */,
				DBA6B0F51CFA722400B47BFE /* 百思不得姐UITests */,
			);
		};
/* End PBXProject section */

/* Begin PBXResourcesBuildPhase section */
		DBA6B0D01CFA722300B47BFE /* Resources */ = {
			isa = PBXResourcesBuildPhase;
			buildActionMask = 2147483647;
			files = (
				DBA6B0E51CFA722300B47BFE /* LaunchScreen.storyboard in Resources */,
				DBA6B0E21CFA722300B47BFE /* Assets.xcassets in Resources */,
				DBA6B0E01CFA722300B47BFE /* Main.storyboard in Resources */,
			);
			runOnlyForDeploymentPostprocessing = 0;
		};
		DBA6B0E91CFA722400B47BFE /* Resources */ = {
			isa = PBXResourcesBuildPhase;
			buildActionMask = 2147483647;
			files = (
			);
			runOnlyForDeploymentPostprocessing = 0;
		};
		DBA6B0F41CFA722400B47BFE /* Resources */ = {
			isa = PBXResourcesBuildPhase;
			buildActionMask = 2147483647;
			files = (
			);
			runOnlyForDeploymentPostprocessing = 0;
		};
/* End PBXResourcesBuildPhase section */

/* Begin PBXSourcesBuildPhase section */
		DBA6B0CE1CFA722300B47BFE /* Sources */ = {
			isa = PBXSourcesBuildPhase;
			buildActionMask = 2147483647;
			files = (
				DBA6B0DA1CFA722300B47BFE /* AppDelegate.m in Sources */,
				DBA6B0D71CFA722300B47BFE /* main.m in Sources */,
				DBA6B1151CFA84BE00B47BFE /* JLNewViewController.m in Sources */,
				DBA6B11B1CFA84E200B47BFE /* JLMeViewController.m in Sources */,
				DBA6B10F1CFA7B1600B47BFE /* JLTabBarController.m in Sources */,
				DBA6B1181CFA84D900B47BFE /* JLTrendViewController.m in Sources */,
				DBA6B1121CFA84B500B47BFE /* JLEssenceViewController.m in Sources */,
				DBA6B11E1CFA863800B47BFE /* JLTabBar.m in Sources */,
			);
			runOnlyForDeploymentPostprocessing = 0;
		};
		DBA6B0E71CFA722400B47BFE /* Sources */ = {
			isa = PBXSourcesBuildPhase;
			buildActionMask = 2147483647;
			files = (
				DBA6B0F01CFA722400B47BFE /* _____Tests.m in Sources */,
			);
			runOnlyForDeploymentPostprocessing = 0;
		};
		DBA6B0F21CFA722400B47BFE /* Sources */ = {
			isa = PBXSourcesBuildPhase;
			buildActionMask = 2147483647;
			files = (
				DBA6B0FB1CFA722400B47BFE /* _____UITests.m in Sources */,
			);
			runOnlyForDeploymentPostprocessing = 0;
		};
/* End PBXSourcesBuildPhase section */

/* Begin PBXTargetDependency section */
		DBA6B0ED1CFA722400B47BFE /* PBXTargetDependency */ = {
			isa = PBXTargetDependency;
			target = DBA6B0D11CFA722300B47BFE /* 百思不得姐 */;
			targetProxy = DBA6B0EC1CFA722400B47BFE /* PBXContainerItemProxy */;
		};
		DBA6B0F81CFA722400B47BFE /* PBXTargetDependency */ = {
			isa = PBXTargetDependency;
			target = DBA6B0D11CFA722300B47BFE /* 百思不得姐 */;
			targetProxy = DBA6B0F71CFA722400B47BFE /* PBXContainerItemProxy */;
		};
/* End PBXTargetDependency section */

/* Begin PBXVariantGroup section */
		DBA6B0DE1CFA722300B47BFE /* Main.storyboard */ = {
			isa = PBXVariantGroup;
			children = (
				DBA6B0DF1CFA722300B47BFE /* Base */,
			);
			name = Main.storyboard;
			sourceTree = "<group>";
		};
		DBA6B0E31CFA722300B47BFE /* LaunchScreen.storyboard */ = {
			isa = PBXVariantGroup;
			children = (
				DBA6B0E41CFA722300B47BFE /* Base */,
			);
			name = LaunchScreen.storyboard;
			sourceTree = "<group>";
		};
/* End PBXVariantGroup section */

/* Begin XCBuildConfiguration section */
		DBA6B0FD1CFA722400B47BFE /* Debug */ = {
			isa = XCBuildConfiguration;
			buildSettings = {
				ALWAYS_SEARCH_USER_PATHS = NO;
				CLANG_ANALYZER_NONNULL = YES;
				CLANG_CXX_LANGUAGE_STANDARD = "gnu++0x";
				CLANG_CXX_LIBRARY = "libc++";
				CLANG_ENABLE_MODULES = YES;
				CLANG_ENABLE_OBJC_ARC = YES;
				CLANG_WARN_BOOL_CONVERSION = YES;
				CLANG_WARN_CONSTANT_CONVERSION = YES;
				CLANG_WARN_DIRECT_OBJC_ISA_USAGE = YES_ERROR;
				CLANG_WARN_EMPTY_BODY = YES;
				CLANG_WARN_ENUM_CONVERSION = YES;
				CLANG_WARN_INT_CONVERSION = YES;
				CLANG_WARN_OBJC_ROOT_CLASS = YES_ERROR;
				CLANG_WARN_UNREACHABLE_CODE = YES;
				CLANG_WARN__DUPLICATE_METHOD_MATCH = YES;
				"CODE_SIGN_IDENTITY[sdk=iphoneos*]" = "iPhone Developer";
				COPY_PHASE_STRIP = NO;
				DEBUG_INFORMATION_FORMAT = dwarf;
				ENABLE_STRICT_OBJC_MSGSEND = YES;
				ENABLE_TESTABILITY = YES;
				GCC_C_LANGUAGE_STANDARD = gnu99;
				GCC_DYNAMIC_NO_PIC = NO;
				GCC_NO_COMMON_BLOCKS = YES;
				GCC_OPTIMIZATION_LEVEL = 0;
				GCC_PREPROCESSOR_DEFINITIONS = (
					"DEBUG=1",
					"$(inherited)",
				);
				GCC_WARN_64_TO_32_BIT_CONVERSION = YES;
				GCC_WARN_ABOUT_RETURN_TYPE = YES_ERROR;
				GCC_WARN_UNDECLARED_SELECTOR = YES;
				GCC_WARN_UNINITIALIZED_AUTOS = YES_AGGRESSIVE;
				GCC_WARN_UNUSED_FUNCTION = YES;
				GCC_WARN_UNUSED_VARIABLE = YES;
				IPHONEOS_DEPLOYMENT_TARGET = 9.3;
				MTL_ENABLE_DEBUG_INFO = YES;
				ONLY_ACTIVE_ARCH = YES;
				SDKROOT = iphoneos;
			};
			name = Debug;
		};
		DBA6B0FE1CFA722400B47BFE /* Release */ = {
			isa = XCBuildConfiguration;
			buildSettings = {
				ALWAYS_SEARCH_USER_PATHS = NO;
				CLANG_ANALYZER_NONNULL = YES;
				CLANG_CXX_LANGUAGE_STANDARD = "gnu++0x";
				CLANG_CXX_LIBRARY = "libc++";
				CLANG_ENABLE_MODULES = YES;
				CLANG_ENABLE_OBJC_ARC = YES;
				CLANG_WARN_BOOL_CONVERSION = YES;
				CLANG_WARN_CONSTANT_CONVERSION = YES;
				CLANG_WARN_DIRECT_OBJC_ISA_USAGE = YES_ERROR;
				CLANG_WARN_EMPTY_BODY = YES;
				CLANG_WARN_ENUM_CONVERSION = YES;
				CLANG_WARN_INT_CONVERSION = YES;
				CLANG_WARN_OBJC_ROOT_CLASS = YES_ERROR;
				CLANG_WARN_UNREACHABLE_CODE = YES;
				CLANG_WARN__DUPLICATE_METHOD_MATCH = YES;
				"CODE_SIGN_IDENTITY[sdk=iphoneos*]" = "iPhone Developer";
				COPY_PHASE_STRIP = NO;
				DEBUG_INFORMATION_FORMAT = "dwarf-with-dsym";
				ENABLE_NS_ASSERTIONS = NO;
				ENABLE_STRICT_OBJC_MSGSEND = YES;
				GCC_C_LANGUAGE_STANDARD = gnu99;
				GCC_NO_COMMON_BLOCKS = YES;
				GCC_WARN_64_TO_32_BIT_CONVERSION = YES;
				GCC_WARN_ABOUT_RETURN_TYPE = YES_ERROR;
				GCC_WARN_UNDECLARED_SELECTOR = YES;
				GCC_WARN_UNINITIALIZED_AUTOS = YES_AGGRESSIVE;
				GCC_WARN_UNUSED_FUNCTION = YES;
				GCC_WARN_UNUSED_VARIABLE = YES;
				IPHONEOS_DEPLOYMENT_TARGET = 9.3;
				MTL_ENABLE_DEBUG_INFO = NO;
				SDKROOT = iphoneos;
				VALIDATE_PRODUCT = YES;
			};
			name = Release;
		};
		DBA6B1001CFA722400B47BFE /* Debug */ = {
			isa = XCBuildConfiguration;
			buildSettings = {
				ASSETCATALOG_COMPILER_APPICON_NAME = AppIcon;
				ASSETCATALOG_COMPILER_LAUNCHIMAGE_NAME = "Brand Assets";
				GCC_PREFIX_HEADER = "$(SRCROOT)/百思不得姐/Others/PrefixHeader.pch";
				INFOPLIST_FILE = "百思不得姐/Info.plist";
				IPHONEOS_DEPLOYMENT_TARGET = 9.3;
				LD_RUNPATH_SEARCH_PATHS = "$(inherited) @executable_path/Frameworks";
				PRODUCT_BUNDLE_IDENTIFIER = "com.kongfz.www.-----";
				PRODUCT_NAME = "$(TARGET_NAME)";
			};
			name = Debug;
		};
		DBA6B1011CFA722400B47BFE /* Release */ = {
			isa = XCBuildConfiguration;
			buildSettings = {
				ASSETCATALOG_COMPILER_APPICON_NAME = AppIcon;
				ASSETCATALOG_COMPILER_LAUNCHIMAGE_NAME = "Brand Assets";
				GCC_PREFIX_HEADER = "$(SRCROOT)/百思不得姐/Others/PrefixHeader.pch";
				INFOPLIST_FILE = "百思不得姐/Info.plist";
				IPHONEOS_DEPLOYMENT_TARGET = 9.3;
				LD_RUNPATH_SEARCH_PATHS = "$(inherited) @executable_path/Frameworks";
				PRODUCT_BUNDLE_IDENTIFIER = "com.kongfz.www.-----";
				PRODUCT_NAME = "$(TARGET_NAME)";
			};
			name = Release;
		};
		DBA6B1031CFA722400B47BFE /* Debug */ = {
			isa = XCBuildConfiguration;
			buildSettings = {
				BUNDLE_LOADER = "$(TEST_HOST)";
				INFOPLIST_FILE = "百思不得姐Tests/Info.plist";
				LD_RUNPATH_SEARCH_PATHS = "$(inherited) @executable_path/Frameworks @loader_path/Frameworks";
				PRODUCT_BUNDLE_IDENTIFIER = "com.kongfz.www.-----Tests";
				PRODUCT_NAME = "$(TARGET_NAME)";
				TEST_HOST = "$(BUILT_PRODUCTS_DIR)/百思不得姐.app/百思不得姐";
			};
			name = Debug;
		};
		DBA6B1041CFA722400B47BFE /* Release */ = {
			isa = XCBuildConfiguration;
			buildSettings = {
				BUNDLE_LOADER = "$(TEST_HOST)";
				INFOPLIST_FILE = "百思不得姐Tests/Info.plist";
				LD_RUNPATH_SEARCH_PATHS = "$(inherited) @executable_path/Frameworks @loader_path/Frameworks";
				PRODUCT_BUNDLE_IDENTIFIER = "com.kongfz.www.-----Tests";
				PRODUCT_NAME = "$(TARGET_NAME)";
				TEST_HOST = "$(BUILT_PRODUCTS_DIR)/百思不得姐.app/百思不得姐";
			};
			name = Release;
		};
		DBA6B1061CFA722400B47BFE /* Debug */ = {
			isa = XCBuildConfiguration;
			buildSettings = {
				INFOPLIST_FILE = "百思不得姐UITests/Info.plist";
				LD_RUNPATH_SEARCH_PATHS = "$(inherited) @executable_path/Frameworks @loader_path/Frameworks";
				PRODUCT_BUNDLE_IDENTIFIER = "com.kongfz.www.-----UITests";
				PRODUCT_NAME = "$(TARGET_NAME)";
				TEST_TARGET_NAME = "百思不得姐";
			};
			name = Debug;
		};
		DBA6B1071CFA722400B47BFE /* Release */ = {
			isa = XCBuildConfiguration;
			buildSettings = {
				INFOPLIST_FILE = "百思不得姐UITests/Info.plist";
				LD_RUNPATH_SEARCH_PATHS = "$(inherited) @executable_path/Frameworks @loader_path/Frameworks";
				PRODUCT_BUNDLE_IDENTIFIER = "com.kongfz.www.-----UITests";
				PRODUCT_NAME = "$(TARGET_NAME)";
				TEST_TARGET_NAME = "百思不得姐";
			};
			name = Release;
		};
/* End XCBuildConfiguration section */

/* Begin XCConfigurationList section */
		DBA6B0CD1CFA722300B47BFE /* Build configuration list for PBXProject "百思不得姐" */ = {
			isa = XCConfigurationList;
			buildConfigurations = (
				DBA6B0FD1CFA722400B47BFE /* Debug */,
				DBA6B0FE1CFA722400B47BFE /* Release */,
			);
			defaultConfigurationIsVisible = 0;
			defaultConfigurationName = Release;
		};
		DBA6B0FF1CFA722400B47BFE /* Build configuration list for PBXNativeTarget "百思不得姐" */ = {
			isa = XCConfigurationList;
			buildConfigurations = (
				DBA6B1001CFA722400B47BFE /* Debug */,
				DBA6B1011CFA722400B47BFE /* Release */,
			);
			defaultConfigurationIsVisible = 0;
			defaultConfigurationName = Release;
		};
		DBA6B1021CFA722400B47BFE /* Build configuration list for PBXNativeTarget "百思不得姐Tests" */ = {
			isa = XCConfigurationList;
			buildConfigurations = (
				DBA6B1031CFA722400B47BFE /* Debug */,
				DBA6B1041CFA722400B47BFE /* Release */,
			);
			defaultConfigurationIsVisible = 0;
			defaultConfigurationName = Release;
		};
		DBA6B1051CFA722400B47BFE /* Build configuration list for PBXNativeTarget "百思不得姐UITests" */ = {
			isa = XCConfigurationList;
			buildConfigurations = (
				DBA6B1061CFA722400B47BFE /* Debug */,
				DBA6B1071CFA722400B47BFE /* Release */,
			);
			defaultConfigurationIsVisible = 0;
			defaultConfigurationName = Release;
		};
/* End XCConfigurationList section */
	};
	rootObject = DBA6B0CA1CFA722300B47BFE /* Project object */;
}
